// !$*UTF8*$!
{
	archiveVersion = 1;
	classes = {
	};
	objectVersion = 46;
	objects = {

/* Begin PBXBuildFile section */
		47F4E13319B01CBD00DC734B /* Foundation.framework in Frameworks */ = {isa = PBXBuildFile; fileRef = 47F4E13219B01CBD00DC734B /* Foundation.framework */; };
		47F4E13619B01CBD00DC734B /* main.m in Sources */ = {isa = PBXBuildFile; fileRef = 47F4E13519B01CBD00DC734B /* main.m */; };
		47F4E14219B01D7B00DC734B /* Fraction.m in Sources */ = {isa = PBXBuildFile; fileRef = 47F4E14119B01D7B00DC734B /* Fraction.m */; };
/* End PBXBuildFile section */

/* Begin PBXCopyFilesBuildPhase section */
		47F4E12D19B01CBD00DC734B /* CopyFiles */ = {
			isa = PBXCopyFilesBuildPhase;
			buildActionMask = 2147483647;
			dstPath = /usr/share/man/man1/;
			dstSubfolderSpec = 0;
			files = (
			);
			runOnlyForDeploymentPostprocessing = 1;
		};
/* End PBXCopyFilesBuildPhase section */

/* Begin PBXFileReference section */
		47F4E12F19B01CBD00DC734B /* Fraction */ = {isa = PBXFileReference; explicitFileType = "compiled.mach-o.executable"; includeInIndex = 0; path = Fraction; sourceTree = BUILT_PRODUCTS_DIR; };
		47F4E13219B01CBD00DC734B /* Foundation.framework */ = {isa = PBXFileReference; lastKnownFileType = wrapper.framework; name = Foundation.framework; path = System/Library/Frameworks/Foundation.framework; sourceTree = SDKROOT; };
		47F4E13519B01CBD00DC734B /* main.m */ = {isa = PBXFileReference; lastKnownFileType = sourcecode.c.objc; path = main.m; sourceTree = "<group>"; };
		47F4E13819B01CBD00DC734B /* Fraction-Prefix.pch */ = {isa = PBXFileReference; lastKnownFileType = sourcecode.c.h; path = "Fraction-Prefix.pch"; sourceTree = "<group>"; };
		47F4E14019B01D7B00DC734B /* Fraction.h */ = {isa = PBXFileReference; fileEncoding = 4; lastKnownFileType = sourcecode.c.h; path = Fraction.h; sourceTree = SOURCE_ROOT; };
		47F4E14119B01D7B00DC734B /* Fraction.m */ = {isa = PBXFileReference; fileEncoding = 4; lastKnownFileType = sourcecode.c.objc; path = Fraction.m; sourceTree = SOURCE_ROOT; };
/* End PBXFileReference section */

/* Begin PBXFrameworksBuildPhase section */
		47F4E12C19B01CBD00DC734B /* Frameworks */ = {
			isa = PBXFrameworksBuildPhase;
			buildActionMask = 2147483647;
			files = (
				47F4E13319B01CBD00DC734B /* Foundation.framework in Frameworks */,
			);
			runOnlyForDeploymentPostprocessing = 0;
		};
/* End PBXFrameworksBuildPhase section */

/* Begin PBXGroup section */
		47F4E12619B01CBD00DC734B = {
			isa = PBXGroup;
			children = (
				47F4E13419B01CBD00DC734B /* Fraction */,
				47F4E13119B01CBD00DC734B /* Frameworks */,
				47F4E13019B01CBD00DC734B /* Products */,
			);
			sourceTree = "<group>";
		};
		47F4E13019B01CBD00DC734B /* Products */ = {
			isa = PBXGroup;
			children = (
				47F4E12F19B01CBD00DC734B /* Fraction */,
			);
			name = Products;
			sourceTree = "<group>";
		};
		47F4E13119B01CBD00DC734B /* Frameworks */ = {
			isa = PBXGroup;
			children = (
				47F4E13219B01CBD00DC734B /* Foundation.framework */,
			);
			name = Frameworks;
			sourceTree = "<group>";
		};
		47F4E13419B01CBD00DC734B /* Fraction */ = {
			isa = PBXGroup;
			children = (
				47F4E14019B01D7B00DC734B /* Fraction.h */,
				47F4E14119B01D7B00DC734B /* Fraction.m */,
				47F4E13519B01CBD00DC734B /* main.m */,
				47F4E13719B01CBD00DC734B /* Supporting Files */,
			);
			path = Fraction;
			sourceTree = "<group>";
		};
		47F4E13719B01CBD00DC734B /* Supporting Files */ = {
			isa = PBXGroup;
			children = (
				47F4E13819B01CBD00DC734B /* Fraction-Prefix.pch */,
			);
			name = "Supporting Files";
			sourceTree = "<group>";
		};
/* End PBXGroup section */

/* Begin PBXNativeTarget section */
		47F4E12E19B01CBD00DC734B /* Fraction */ = {
			isa = PBXNativeTarget;
			buildConfigurationList = 47F4E13D19B01CBD00DC734B /* Build configuration list for PBXNativeTarget "Fraction" */;
			buildPhases = (
				47F4E12B19B01CBD00DC734B /* Sources */,
				47F4E12C19B01CBD00DC734B /* Frameworks */,
				47F4E12D19B01CBD00DC734B /* CopyFiles */,
			);
			buildRules = (
			);
			dependencies = (
			);
			name = Fraction;
			productName = Fraction;
			productReference = 47F4E12F19B01CBD00DC734B /* Fraction */;
			productType = "com.apple.product-type.tool";
		};
/* End PBXNativeTarget section */

/* Begin PBXProject section */
		47F4E12719B01CBD00DC734B /* Project object */ = {
			isa = PBXProject;
			attributes = {
				LastUpgradeCheck = 0510;
				ORGANIZATIONNAME = "___FULLUSERNAME___";
			};
			buildConfigurationList = 47F4E12A19B01CBD00DC734B /* Build configuration list for PBXProject "Fraction" */;
			compatibilityVersion = "Xcode 3.2";
			developmentRegion = English;
			hasScannedForEncodings = 0;
			knownRegions = (
				English,
				en,
			);
			mainGroup = 47F4E12619B01CBD00DC734B;
			productRefGroup = 47F4E13019B01CBD00DC734B /* Products */;
			projectDirPath = "";
			projectRoot = "";
			targets = (
				47F4E12E19B01CBD00DC734B /* Fraction */,
			);
		};
/* End PBXProject section */

/* Begin PBXSourcesBuildPhase section */
		47F4E12B19B01CBD00DC734B /* Sources */ = {
			isa = PBXSourcesBuildPhase;
			buildActionMask = 2147483647;
			files = (
				47F4E13619B01CBD00DC734B /* main.m in Sources */,
				47F4E14219B01D7B00DC734B /* Fraction.m in Sources */,
			);
			runOnlyForDeploymentPostprocessing = 0;
		};
/* End PBXSourcesBuildPhase section */

/* Begin XCBuildConfiguration section */
		47F4E13B19B01CBD00DC734B /* Debug */ = {
			isa = XCBuildConfiguration;
			buildSettings = {
				ALWAYS_SEARCH_USER_PATHS = NO;
				CLANG_CXX_LANGUAGE_STANDARD = "gnu++0x";
				CLANG_CXX_LIBRARY = "libc++";
				CLANG_ENABLE_MODULES = YES;
				CLANG_ENABLE_OBJC_ARC = YES;
				CLANG_WARN_BOOL_CONVERSION = YES;
				CLANG_WARN_CONSTANT_CONVERSION = YES;
				CLANG_WARN_DIRECT_OBJC_ISA_USAGE = YES_ERROR;
				CLANG_WARN_EMPTY_BODY = YES;
				CLANG_WARN_ENUM_CONVERSION = YES;
				CLANG_WARN_INT_CONVERSION = YES;
				CLANG_WARN_OBJC_ROOT_CLASS = YES_ERROR;
				CLANG_WARN__DUPLICATE_METHOD_MATCH = YES;
				COPY_PHASE_STRIP = NO;
				GCC_C_LANGUAGE_STANDARD = gnu99;
				GCC_DYNAMIC_NO_PIC = NO;
				GCC_ENABLE_OBJC_EXCEPTIONS = YES;
				GCC_OPTIMIZATION_LEVEL = 0;
				GCC_PREPROCESSOR_DEFINITIONS = (
					"DEBUG=1",
					"$(inherited)",
				);
				GCC_SYMBOLS_PRIVATE_EXTERN = NO;
				GCC_WARN_64_TO_32_BIT_CONVERSION = YES;
				GCC_WARN_ABOUT_RETURN_TYPE = YES_ERROR;
				GCC_WARN_UNDECLARED_SELECTOR = YES;
				GCC_WARN_UNINITIALIZED_AUTOS = YES_AGGRESSIVE;
				GCC_WARN_UNUSED_FUNCTION = YES;
				GCC_WARN_UNUSED_VARIABLE = YES;
				MACOSX_DEPLOYMENT_TARGET = 10.9;
				ONLY_ACTIVE_ARCH = YES;
				SDKROOT = macosx;
			};
			name = Debug;
		};
		47F4E13C19B01CBD00DC734B /* Release */ = {
			isa = XCBuildConfiguration;
			buildSettings = {
				ALWAYS_SEARCH_USER_PATHS = NO;
				CLANG_CXX_LANGUAGE_STANDARD = "gnu++0x";
				CLANG_CXX_LIBRARY = "libc++";
				CLANG_ENABLE_MODULES = YES;
				CLANG_ENABLE_OBJC_ARC = YES;
				CLANG_WARN_BOOL_CONVERSION = YES;
				CLANG_WARN_CONSTANT_CONVERSION = YES;
				CLANG_WARN_DIRECT_OBJC_ISA_USAGE = YES_ERROR;
				CLANG_WARN_EMPTY_BODY = YES;
				CLANG_WARN_ENUM_CONVERSION = YES;
				CLANG_WARN_INT_CONVERSION = YES;
				CLANG_WARN_OBJC_ROOT_CLASS = YES_ERROR;
				CLANG_WARN__DUPLICATE_METHOD_MATCH = YES;
				COPY_PHASE_STRIP = YES;
				DEBUG_INFORMATION_FORMAT = "dwarf-with-dsym";
				ENABLE_NS_ASSERTIONS = NO;
				GCC_C_LANGUAGE_STANDARD = gnu99;
				GCC_ENABLE_OBJC_EXCEPTIONS = YES;
				GCC_WARN_64_TO_32_BIT_CONVERSION = YES;
				GCC_WARN_ABOUT_RETURN_TYPE = YES_ERROR;
				GCC_WARN_UNDECLARED_SELECTOR = YES;
				GCC_WARN_UNINITIALIZED_AUTOS = YES_AGGRESSIVE;
				GCC_WARN_UNUSED_FUNCTION = YES;
				GCC_WARN_UNUSED_VARIABLE = YES;
				MACOSX_DEPLOYMENT_TARGET = 10.9;
				SDKROOT = macosx;
			};
			name = Release;
		};
		47F4E13E19B01CBD00DC734B /* Debug */ = {
			isa = XCBuildConfiguration;
			buildSettings = {
				GCC_PRECOMPILE_PREFIX_HEADER = YES;
				GCC_PREFIX_HEADER = "Fraction/Fraction-Prefix.pch";
				PRODUCT_NAME = "$(TARGET_NAME)";
			};
			name = Debug;
		};
		47F4E13F19B01CBD00DC734B /* Release */ = {
			isa = XCBuildConfiguration;
			buildSettings = {
				GCC_PRECOMPILE_PREFIX_HEADER = YES;
				GCC_PREFIX_HEADER = "Fraction/Fraction-Prefix.pch";
				PRODUCT_NAME = "$(TARGET_NAME)";
			};
			name = Release;
		};
/* End XCBuildConfiguration section */

/* Begin XCConfigurationList section */
		47F4E12A19B01CBD00DC734B /* Build configuration list for PBXProject "Fraction" */ = {
			isa = XCConfigurationList;
			buildConfigurations = (
				47F4E13B19B01CBD00DC734B /* Debug */,
				47F4E13C19B01CBD00DC734B /* Release */,
			);
			defaultConfigurationIsVisible = 0;
			defaultConfigurationName = Release;
		};
		47F4E13D19B01CBD00DC734B /* Build configuration list for PBXNativeTarget "Fraction" */ = {
			isa = XCConfigurationList;
			buildConfigurations = (
				47F4E13E19B01CBD00DC734B /* Debug */,
				47F4E13F19B01CBD00DC734B /* Release */,
			);
			defaultConfigurationIsVisible = 0;
			defaultConfigurationName = Release;
		};
/* End XCConfigurationList section */
	};
	rootObject = 47F4E12719B01CBD00DC734B /* Project object */;
}
